<?xml version="1.0" encoding="utf-8"?>
<Project ToolsVersion="4.0" xmlns="http://schemas.microsoft.com/developer/msbuild/2003">
  <ItemGroup>
    <Filter Include="win32">
      <UniqueIdentifier>{84a8ebd7-7cf0-47f6-b75e-d441df67da40}</UniqueIdentifier>
    </Filter>
    <Filter Include="resource">
      <UniqueIdentifier>{715254bc-d70b-4ec5-bf29-467dd3ace079}</UniqueIdentifier>
    </Filter>
    <Filter Include="src">
      <UniqueIdentifier>{bb6c862e-70e9-49d9-81b7-3829a6f50471}</UniqueIdentifier>
    </Filter>
    <Filter Include="src\Menu">
      <UniqueIdentifier>{4998808c-4ddf-45f0-bee6-3c8d9733739b}</UniqueIdentifier>
    </Filter>
    <Filter Include="src\Level">
      <UniqueIdentifier>{cb924361-6831-4c0e-8f1c-1e79c8a68c85}</UniqueIdentifier>
    </Filter>
  </ItemGroup>
  <ItemGroup>
    <ClCompile Include="main.cpp">
      <Filter>win32</Filter>
    </ClCompile>
    <ClCompile Include="..\Classes\AppDelegate.cpp">
      <Filter>src</Filter>
    </ClCompile>
    <ClCompile Include="..\Classes\GlobalValues.cpp">
      <Filter>src</Filter>
    </ClCompile>
    <ClCompile Include="..\Classes\GenericLevelScene.cpp">
      <Filter>src\Level</Filter>
    </ClCompile>
    <ClCompile Include="..\Classes\LevelEasyScene.cpp">
      <Filter>src\Level</Filter>
    </ClCompile>
    <ClCompile Include="..\Classes\LevelHardScene.cpp">
      <Filter>src\Level</Filter>
    </ClCompile>
    <ClCompile Include="..\Classes\LevelMediumScene.cpp">
      <Filter>src\Level</Filter>
    </ClCompile>
    <ClCompile Include="..\Classes\StartMenuScene.cpp">
      <Filter>src\Menu</Filter>
    </ClCompile>
    <ClCompile Include="..\Classes\MainMenuScene.cpp">
      <Filter>src\Menu</Filter>
    </ClCompile>
  </ItemGroup>
  <ItemGroup>
    <ClInclude Include="main.h">
      <Filter>win32</Filter>
    </ClInclude>
    <ClInclude Include="..\Classes\AppDelegate.h">
      <Filter>src</Filter>
    </ClInclude>
    <ClInclude Include="..\Classes\GlobalValues.h">
      <Filter>src</Filter>
    </ClInclude>
    <ClInclude Include="..\Classes\GenericLevelScene.h">
      <Filter>src\Level</Filter>
    </ClInclude>
    <ClInclude Include="..\Classes\LevelEasyScene.h">
      <Filter>src\Level</Filter>
    </ClInclude>
    <ClInclude Include="..\Classes\LevelHardScene.h">
      <Filter>src\Level</Filter>
    </ClInclude>
    <ClInclude Include="..\Classes\LevelMediumScene.h">
      <Filter>src\Level</Filter>
    </ClInclude>
    <ClInclude Include="..\Classes\MainMenuScene.h">
      <Filter>src\Menu</Filter>
    </ClInclude>
    <ClInclude Include="..\Classes\StartMenuScene.h">
      <Filter>src\Menu</Filter>
    </ClInclude>
  </ItemGroup>
  <ItemGroup>
    <ResourceCompile Include="game.rc">
      <Filter>resource</Filter>
    </ResourceCompile>
  </ItemGroup>
</Project>